
Microsoft Visual Studio Solution File, Format Version 12.00
# Visual Studio Version 16
VisualStudioVersion = 16.0.30114.105
MinimumVisualStudioVersion = 10.0.40219.1
Project("{FAE04EC0-301F-11D3-BF4B-00C04F79EFBC}") = "Log.Min.Lib", "Log.Min.Lib\Log.Min.Lib.csproj", "{F949AB07-934D-4F9C-A053-2DE0DB5B15BE}"
EndProject
Global
	GlobalSection(SolutionConfigurationPlatforms) = preSolution
		Debug|Any CPU = Debug|Any CPU
		Release|Any CPU = Release|Any CPU
	EndGlobalSection
	GlobalSection(SolutionProperties) = preSolution
		HideSolutionNode = FALSE
	EndGlobalSection
	GlobalSection(ProjectConfigurationPlatforms) = postSolution
		{F949AB07-934D-4F9C-A053-2DE0DB5B15BE}.Debug|Any CPU.ActiveCfg = Debug|Any CPU
		{F949AB07-934D-4F9C-A053-2DE0DB5B15BE}.Debug|Any CPU.Build.0 = Debug|Any CPU
		{F949AB07-934D-4F9C-A053-2DE0DB5B15BE}.Release|Any CPU.ActiveCfg = Release|Any CPU
		{F949AB07-934D-4F9C-A053-2DE0DB5B15BE}.Release|Any CPU.Build.0 = Release|Any CPU
	EndGlobalSection
EndGlobal
